
Microsoft Visual Studio Solution File, Format Version 12.00
# Visual Studio 15
VisualStudioVersion = 15.0.28010.2036
MinimumVisualStudioVersion = 10.0.40219.1
Project("{9A19103F-16F7-4668-BE54-9A1E7A4F7556}") = "TimeTrackingService", "TimeTrackingService\TimeTrackingService.csproj", "{D2A9D21A-1191-44BD-B4A3-0F89FA00EC64}"
EndProject
Project("{9A19103F-16F7-4668-BE54-9A1E7A4F7556}") = "TimeTrackingUnitTests", "UnitTests\TimeTrackingUnitTests.csproj", "{B5964926-9A65-4F41-A001-48521652753F}"
EndProject

Global
	GlobalSection(SolutionConfigurationPlatforms) = preSolution
		Debug|Any CPU = Debug|Any CPU
		Release|Any CPU = Release|Any CPU
	EndGlobalSection
	GlobalSection(ProjectConfigurationPlatforms) = postSolution
		{D2A9D21A-1191-44BD-B4A3-0F89FA00EC64}.Debug|Any CPU.ActiveCfg = Debug|Any CPU
		{D2A9D21A-1191-44BD-B4A3-0F89FA00EC64}.Debug|Any CPU.Build.0 = Debug|Any CPU
		{D2A9D21A-1191-44BD-B4A3-0F89FA00EC64}.Release|Any CPU.ActiveCfg = Release|Any CPU
		{D2A9D21A-1191-44BD-B4A3-0F89FA00EC64}.Release|Any CPU.Build.0 = Release|Any CPU
		{B5964926-9A65-4F41-A001-48521652753F}.Debug|Any CPU.ActiveCfg = Debug|Any CPU
		{B5964926-9A65-4F41-A001-48521652753F}.Debug|Any CPU.Build.0 = Debug|Any CPU
		{B5964926-9A65-4F41-A001-48521652753F}.Release|Any CPU.ActiveCfg = Release|Any CPU
		{B5964926-9A65-4F41-A001-48521652753F}.Release|Any CPU.Build.0 = Release|Any CPU
		{FE0338E2-79D5-452E-A641-BBB82446CCB2}.Debug|Any CPU.ActiveCfg = Debug|Any CPU
		{FE0338E2-79D5-452E-A641-BBB82446CCB2}.Debug|Any CPU.Build.0 = Debug|Any CPU
		{FE0338E2-79D5-452E-A641-BBB82446CCB2}.Release|Any CPU.ActiveCfg = Release|Any CPU
		{FE0338E2-79D5-452E-A641-BBB82446CCB2}.Release|Any CPU.Build.0 = Release|Any CPU
	EndGlobalSection
	GlobalSection(SolutionProperties) = preSolution
		HideSolutionNode = FALSE
	EndGlobalSection
	GlobalSection(ExtensibilityGlobals) = postSolution
		SolutionGuid = {E75C5166-00D6-4812-BE79-2601A2B4E65B}
	EndGlobalSection
EndGlobal
